// !$*UTF8*$!
{
	archiveVersion = 1;
	classes = {
	};
	objectVersion = 50;
	objects = {

/* Begin PBXBuildFile section */
		233FE7572E77602FFBCBED7ACEEAB28B /* LoginView.swift in Sources */ = {isa = PBXBuildFile; fileRef = 9DB6539D79B13B27249F72F45EB5133B /* LoginView.swift */; };
		2B0FB7F901F7799B7144F8E2B84E235D /* MemoryView.swift in Sources */ = {isa = PBXBuildFile; fileRef = 121B668293585F36751DE1C02F2BCE5B /* MemoryView.swift */; };
		37BDA5A38A3700F469C80F8B05F76F66 /* Models.swift in Sources */ = {isa = PBXBuildFile; fileRef = D5112AA91BB56AB5E9E8065FBC211768 /* Models.swift */; };
		420ADA8CE8057C4DC1B791CFD420D13C /* APIService.swift in Sources */ = {isa = PBXBuildFile; fileRef = BA582F4EFB4086DA5F50C141AEDFF23C /* APIService.swift */; };
		5E3CF166FDBCF68C3001AA251D8EBBA6 /* ActivitiesView.swift in Sources */ = {isa = PBXBuildFile; fileRef = 8D9C57982965E1564AE86877EDA7C807 /* ActivitiesView.swift */; };
		5F53FACF71085B1522EAC2CEBD1BA633 /* UploadView.swift in Sources */ = {isa = PBXBuildFile; fileRef = CDEB4145A6705933066488CCDB75E7DF /* UploadView.swift */; };
		7275D476B2781EEB4338F94B39CF52D7 /* AuthManager.swift in Sources */ = {isa = PBXBuildFile; fileRef = 0E1284971F48863E4C1CDDA440C06CF8 /* AuthManager.swift */; };
		8DA7B15F97BE99FFDFAF9BD78B0C4478 /* ActivityDetailView.swift in Sources */ = {isa = PBXBuildFile; fileRef = E46E9AD4938097F1FEA12334C2BBFEFF /* ActivityDetailView.swift */; };
		BD04573091EBEB1DE0404F02F255F59D /* GarminLocalization.swift in Sources */ = {isa = PBXBuildFile; fileRef = 9A6F83DBDEABFC47D494F8D42E3DAC37 /* GarminLocalization.swift */; };
		C7695CCC6C82BDB80E4EF8669CCDC91B /* Assets.xcassets in Resources */ = {isa = PBXBuildFile; fileRef = 73F6596FC4C26B3B87E4327C539FC85F /* Assets.xcassets */; };
		CCCF6E0C93CBDFF46F4730B8832639EB /* MarkdownTextView.swift in Sources */ = {isa = PBXBuildFile; fileRef = 152DDE81B2D0426FC1633D0FF5AC5467 /* MarkdownTextView.swift */; };
		DC2CD13B6A638542DD03C6F469618679 /* MainTabView.swift in Sources */ = {isa = PBXBuildFile; fileRef = 1DE1915FB47FC07A4A6C2CB0A442A6DF /* MainTabView.swift */; };
		E38CD512721A3402239130214CF97160 /* SettingsView.swift in Sources */ = {isa = PBXBuildFile; fileRef = 0FC08756F72125B5F7380460B468E8BD /* SettingsView.swift */; };
		F9EB0369AF770824F4A0E96F9221014E /* TrainingView.swift in Sources */ = {isa = PBXBuildFile; fileRef = 13C0C54459BB0A273CF8A0375EAEFCB8 /* TrainingView.swift */; };
		FAF3C968F13ADA85C2C060CF2B0D23E4 /* HomeView.swift in Sources */ = {isa = PBXBuildFile; fileRef = DC87358F2FE20B8ADBA406CF3DA669C6 /* HomeView.swift */; };
		FF97B89B32DC71E588A4E44FA16CF01A /* FormFlowingApp.swift in Sources */ = {isa = PBXBuildFile; fileRef = 6E073ABC0343DAB02AB974648B65CB9B /* FormFlowingApp.swift */; };
/* End PBXBuildFile section */

/* Begin PBXFileReference section */
		0E1284971F48863E4C1CDDA440C06CF8 /* AuthManager.swift */ = {isa = PBXFileReference; lastKnownFileType = sourcecode.swift; path = AuthManager.swift; sourceTree = "<group>"; };
		0FC08756F72125B5F7380460B468E8BD /* SettingsView.swift */ = {isa = PBXFileReference; lastKnownFileType = sourcecode.swift; path = SettingsView.swift; sourceTree = "<group>"; };
		121B668293585F36751DE1C02F2BCE5B /* MemoryView.swift */ = {isa = PBXFileReference; lastKnownFileType = sourcecode.swift; path = MemoryView.swift; sourceTree = "<group>"; };
		13C0C54459BB0A273CF8A0375EAEFCB8 /* TrainingView.swift */ = {isa = PBXFileReference; lastKnownFileType = sourcecode.swift; path = TrainingView.swift; sourceTree = "<group>"; };
		152DDE81B2D0426FC1633D0FF5AC5467 /* MarkdownTextView.swift */ = {isa = PBXFileReference; lastKnownFileType = sourcecode.swift; path = MarkdownTextView.swift; sourceTree = "<group>"; };
		1DE1915FB47FC07A4A6C2CB0A442A6DF /* MainTabView.swift */ = {isa = PBXFileReference; lastKnownFileType = sourcecode.swift; path = MainTabView.swift; sourceTree = "<group>"; };
		66EB883FEDADD1FDEE120C01811CF6BC /* FormFlowing.app */ = {isa = PBXFileReference; includeInIndex = 0; lastKnownFileType = wrapper.application; path = FormFlowing.app; sourceTree = BUILT_PRODUCTS_DIR; };
		6E073ABC0343DAB02AB974648B65CB9B /* FormFlowingApp.swift */ = {isa = PBXFileReference; lastKnownFileType = sourcecode.swift; path = FormFlowingApp.swift; sourceTree = "<group>"; };
		73F6596FC4C26B3B87E4327C539FC85F /* Assets.xcassets */ = {isa = PBXFileReference; lastKnownFileType = folder.assetcatalog; path = Assets.xcassets; sourceTree = "<group>"; };
		8D9C57982965E1564AE86877EDA7C807 /* ActivitiesView.swift */ = {isa = PBXFileReference; lastKnownFileType = sourcecode.swift; path = ActivitiesView.swift; sourceTree = "<group>"; };
		9A6F83DBDEABFC47D494F8D42E3DAC37 /* GarminLocalization.swift */ = {isa = PBXFileReference; lastKnownFileType = sourcecode.swift; path = GarminLocalization.swift; sourceTree = "<group>"; };
		9DB6539D79B13B27249F72F45EB5133B /* LoginView.swift */ = {isa = PBXFileReference; lastKnownFileType = sourcecode.swift; path = LoginView.swift; sourceTree = "<group>"; };
		BA582F4EFB4086DA5F50C141AEDFF23C /* APIService.swift */ = {isa = PBXFileReference; lastKnownFileType = sourcecode.swift; path = APIService.swift; sourceTree = "<group>"; };
		CDEB4145A6705933066488CCDB75E7DF /* UploadView.swift */ = {isa = PBXFileReference; lastKnownFileType = sourcecode.swift; path = UploadView.swift; sourceTree = "<group>"; };
		D5112AA91BB56AB5E9E8065FBC211768 /* Models.swift */ = {isa = PBXFileReference; lastKnownFileType = sourcecode.swift; path = Models.swift; sourceTree = "<group>"; };
		DC87358F2FE20B8ADBA406CF3DA669C6 /* HomeView.swift */ = {isa = PBXFileReference; lastKnownFileType = sourcecode.swift; path = HomeView.swift; sourceTree = "<group>"; };
		E46E9AD4938097F1FEA12334C2BBFEFF /* ActivityDetailView.swift */ = {isa = PBXFileReference; lastKnownFileType = sourcecode.swift; path = ActivityDetailView.swift; sourceTree = "<group>"; };
/* End PBXFileReference section */

/* Begin PBXGroup section */
		2455296616BD083F6ED0AF5EA1EA31CB /* FormFlowing */ = {
			isa = PBXGroup;
			children = (
				73F6596FC4C26B3B87E4327C539FC85F /* Assets.xcassets */,
				AFD8966567782133EA8494280FD58F09 /* Sources */,
			);
			path = FormFlowing;
			sourceTree = "<group>";
		};
		26A47B03ABBD7413D4FA0BED28832A75 /* Services */ = {
			isa = PBXGroup;
			children = (
				BA582F4EFB4086DA5F50C141AEDFF23C /* APIService.swift */,
				0E1284971F48863E4C1CDDA440C06CF8 /* AuthManager.swift */,
			);
			path = Services;
			sourceTree = "<group>";
		};
		290989C09C2AA58FDC0A5987CCDBF660 /* Models */ = {
			isa = PBXGroup;
			children = (
				D5112AA91BB56AB5E9E8065FBC211768 /* Models.swift */,
			);
			path = Models;
			sourceTree = "<group>";
		};
		2C91BC595C5503B0E4FFF32F59C12084 /* Views */ = {
			isa = PBXGroup;
			children = (
				1DE1915FB47FC07A4A6C2CB0A442A6DF /* MainTabView.swift */,
				C8C962D406D2E7250164D1AD57CC2C51 /* Activities */,
				8E3737967EC5FF9D20C2D71DF87F0383 /* ActivityDetail */,
				DBB5F1CA25F16F540E4DF1A317A33D6D /* Components */,
				9AD4E608ED1569540F1B4441B5646037 /* Home */,
				3DA4BD323F58581866A59590F162B8DF /* Login */,
				538B282C81BEB339FA2235354F6381B7 /* Memory */,
				C47A93A8851E93B036444DADFD2633DB /* Settings */,
				6F1316A2AA66623685B84D50A9D9314A /* Training */,
				EAF080B68E1824D1893CD41D19CECA54 /* Upload */,
			);
			path = Views;
			sourceTree = "<group>";
		};
		2E49A4981CF9ACAF4F92390E1C20C031 = {
			isa = PBXGroup;
			children = (
				2455296616BD083F6ED0AF5EA1EA31CB /* FormFlowing */,
				E8489975B683B1FD0C3EA1365300AFDA /* Products */,
			);
			sourceTree = "<group>";
		};
		3DA4BD323F58581866A59590F162B8DF /* Login */ = {
			isa = PBXGroup;
			children = (
				9DB6539D79B13B27249F72F45EB5133B /* LoginView.swift */,
			);
			path = Login;
			sourceTree = "<group>";
		};
		538B282C81BEB339FA2235354F6381B7 /* Memory */ = {
			isa = PBXGroup;
			children = (
				121B668293585F36751DE1C02F2BCE5B /* MemoryView.swift */,
			);
			path = Memory;
			sourceTree = "<group>";
		};
		6F1316A2AA66623685B84D50A9D9314A /* Training */ = {
			isa = PBXGroup;
			children = (
				13C0C54459BB0A273CF8A0375EAEFCB8 /* TrainingView.swift */,
			);
			path = Training;
			sourceTree = "<group>";
		};
		8E3737967EC5FF9D20C2D71DF87F0383 /* ActivityDetail */ = {
			isa = PBXGroup;
			children = (
				E46E9AD4938097F1FEA12334C2BBFEFF /* ActivityDetailView.swift */,
			);
			path = ActivityDetail;
			sourceTree = "<group>";
		};
		9AD4E608ED1569540F1B4441B5646037 /* Home */ = {
			isa = PBXGroup;
			children = (
				DC87358F2FE20B8ADBA406CF3DA669C6 /* HomeView.swift */,
			);
			path = Home;
			sourceTree = "<group>";
		};
		AFD8966567782133EA8494280FD58F09 /* Sources */ = {
			isa = PBXGroup;
			children = (
				6E073ABC0343DAB02AB974648B65CB9B /* FormFlowingApp.swift */,
				290989C09C2AA58FDC0A5987CCDBF660 /* Models */,
				26A47B03ABBD7413D4FA0BED28832A75 /* Services */,
				ECBB54897FEB4C551A951AA654F91621 /* Utils */,
				2C91BC595C5503B0E4FFF32F59C12084 /* Views */,
			);
			path = Sources;
			sourceTree = "<group>";
		};
		C47A93A8851E93B036444DADFD2633DB /* Settings */ = {
			isa = PBXGroup;
			children = (
				0FC08756F72125B5F7380460B468E8BD /* SettingsView.swift */,
			);
			path = Settings;
			sourceTree = "<group>";
		};
		C8C962D406D2E7250164D1AD57CC2C51 /* Activities */ = {
			isa = PBXGroup;
			children = (
				8D9C57982965E1564AE86877EDA7C807 /* ActivitiesView.swift */,
			);
			path = Activities;
			sourceTree = "<group>";
		};
		DBB5F1CA25F16F540E4DF1A317A33D6D /* Components */ = {
			isa = PBXGroup;
			children = (
				152DDE81B2D0426FC1633D0FF5AC5467 /* MarkdownTextView.swift */,
			);
			path = Components;
			sourceTree = "<group>";
		};
		E8489975B683B1FD0C3EA1365300AFDA /* Products */ = {
			isa = PBXGroup;
			children = (
				66EB883FEDADD1FDEE120C01811CF6BC /* FormFlowing.app */,
			);
			name = Products;
			sourceTree = "<group>";
		};
		EAF080B68E1824D1893CD41D19CECA54 /* Upload */ = {
			isa = PBXGroup;
			children = (
				CDEB4145A6705933066488CCDB75E7DF /* UploadView.swift */,
			);
			path = Upload;
			sourceTree = "<group>";
		};
		ECBB54897FEB4C551A951AA654F91621 /* Utils */ = {
			isa = PBXGroup;
			children = (
				9A6F83DBDEABFC47D494F8D42E3DAC37 /* GarminLocalization.swift */,
			);
			path = Utils;
			sourceTree = "<group>";
		};
/* End PBXGroup section */

/* Begin PBXNativeTarget section */
		36E031199FBA41BFEC2D9FEE6B0F57AA /* FormFlowing */ = {
			isa = PBXNativeTarget;
			buildConfigurationList = E231DCA7C65ACECD4F11BE1D83DDCE72 /* Build configuration list for PBXNativeTarget "FormFlowing" */;
			buildPhases = (
				0D449F3F94B842855298BEBFBF68A715 /* Sources */,
				81D806DF78531E31725BFDBF7E39AA14 /* Resources */,
			);
			buildRules = (
			);
			dependencies = (
			);
			name = FormFlowing;
			productName = FormFlowing;
			productReference = 66EB883FEDADD1FDEE120C01811CF6BC /* FormFlowing.app */;
			productType = "com.apple.product-type.application";
		};
/* End PBXNativeTarget section */

/* Begin PBXProject section */
		F36EDC3DEDEA170712C6639686547982 /* Project object */ = {
			isa = PBXProject;
			attributes = {
				LastUpgradeCheck = 2640;
			};
			buildConfigurationList = C27FE1A98F2138DF5D63771ABE553D33 /* Build configuration list for PBXProject "FormFlowing" */;
			compatibilityVersion = "Xcode 9.3";
			developmentRegion = en;
			hasScannedForEncodings = 0;
			knownRegions = (
				en,
			);
			mainGroup = 2E49A4981CF9ACAF4F92390E1C20C031;
			projectDirPath = "";
			projectRoot = "";
			targets = (
				36E031199FBA41BFEC2D9FEE6B0F57AA /* FormFlowing */,
			);
		};
/* End PBXProject section */

/* Begin PBXResourcesBuildPhase section */
		81D806DF78531E31725BFDBF7E39AA14 /* Resources */ = {
			isa = PBXResourcesBuildPhase;
			buildActionMask = 2147483647;
			files = (
				C7695CCC6C82BDB80E4EF8669CCDC91B /* Assets.xcassets in Resources */,
			);
			runOnlyForDeploymentPostprocessing = 0;
		};
/* End PBXResourcesBuildPhase section */

/* Begin PBXSourcesBuildPhase section */
		0D449F3F94B842855298BEBFBF68A715 /* Sources */ = {
			isa = PBXSourcesBuildPhase;
			buildActionMask = 2147483647;
			files = (
				420ADA8CE8057C4DC1B791CFD420D13C /* APIService.swift in Sources */,
				5E3CF166FDBCF68C3001AA251D8EBBA6 /* ActivitiesView.swift in Sources */,
				8DA7B15F97BE99FFDFAF9BD78B0C4478 /* ActivityDetailView.swift in Sources */,
				7275D476B2781EEB4338F94B39CF52D7 /* AuthManager.swift in Sources */,
				FF97B89B32DC71E588A4E44FA16CF01A /* FormFlowingApp.swift in Sources */,
				BD04573091EBEB1DE0404F02F255F59D /* GarminLocalization.swift in Sources */,
				FAF3C968F13ADA85C2C060CF2B0D23E4 /* HomeView.swift in Sources */,
				233FE7572E77602FFBCBED7ACEEAB28B /* LoginView.swift in Sources */,
				DC2CD13B6A638542DD03C6F469618679 /* MainTabView.swift in Sources */,
				CCCF6E0C93CBDFF46F4730B8832639EB /* MarkdownTextView.swift in Sources */,
				2B0FB7F901F7799B7144F8E2B84E235D /* MemoryView.swift in Sources */,
				37BDA5A38A3700F469C80F8B05F76F66 /* Models.swift in Sources */,
				E38CD512721A3402239130214CF97160 /* SettingsView.swift in Sources */,
				F9EB0369AF770824F4A0E96F9221014E /* TrainingView.swift in Sources */,
				5F53FACF71085B1522EAC2CEBD1BA633 /* UploadView.swift in Sources */,
			);
			runOnlyForDeploymentPostprocessing = 0;
		};
/* End PBXSourcesBuildPhase section */

/* Begin XCBuildConfiguration section */
		10B56513C6C6008F308694AD47DCDB37 /* Release */ = {
			isa = XCBuildConfiguration;
			buildSettings = {
				CURRENT_PROJECT_VERSION = 1;
				IPHONEOS_DEPLOYMENT_TARGET = 26.4;
				MARKETING_VERSION = 1.0.0;
				SDKROOT = iphoneos;
				SWIFT_VERSION = 6.0;
			};
			name = Release;
		};
		376D970A02168B08C12D2F1C956D9905 /* Release */ = {
			isa = XCBuildConfiguration;
			buildSettings = {
				ASSETCATALOG_COMPILER_APPICON_NAME = AppIcon;
				ASSETCATALOG_COMPILER_GLOBAL_ACCENT_COLOR_NAME = AccentColor;
				GENERATE_INFOPLIST_FILE = YES;
				INFOPLIST_GENERATION = YES;
				INFOPLIST_KEY_NSAppTransportSecurity_AllowArbitraryLoads = YES;
				INFOPLIST_KEY_UIApplicationSceneManifest_Generation = YES;
				INFOPLIST_KEY_UIApplicationSupportsIndirectInputEvents = YES;
				INFOPLIST_KEY_UILaunchScreen_Generation = YES;
				INFOPLIST_KEY_UISupportedInterfaceOrientations_iPad = "UIInterfaceOrientationPortrait UIInterfaceOrientationPortraitUpsideDown UIInterfaceOrientationLandscapeLeft UIInterfaceOrientationLandscapeRight";
				INFOPLIST_KEY_UISupportedInterfaceOrientations_iPhone = UIInterfaceOrientationPortrait;
				PRODUCT_BUNDLE_IDENTIFIER = com.formflowing.app;
				PRODUCT_NAME = FormFlowing;
			};
			name = Release;
		};
		54584D447FA5076007996D72123AB543 /* Debug */ = {
			isa = XCBuildConfiguration;
			buildSettings = {
				CURRENT_PROJECT_VERSION = 1;
				IPHONEOS_DEPLOYMENT_TARGET = 26.4;
				MARKETING_VERSION = 1.0.0;
				SDKROOT = iphoneos;
				SWIFT_VERSION = 6.0;
			};
			name = Debug;
		};
		88C85EBA488A3EAEC4989AA5EEA62605 /* Debug */ = {
			isa = XCBuildConfiguration;
			buildSettings = {
				ASSETCATALOG_COMPILER_APPICON_NAME = AppIcon;
				ASSETCATALOG_COMPILER_GLOBAL_ACCENT_COLOR_NAME = AccentColor;
				GENERATE_INFOPLIST_FILE = YES;
				INFOPLIST_GENERATION = YES;
				INFOPLIST_KEY_NSAppTransportSecurity_AllowArbitraryLoads = YES;
				INFOPLIST_KEY_UIApplicationSceneManifest_Generation = YES;
				INFOPLIST_KEY_UIApplicationSupportsIndirectInputEvents = YES;
				INFOPLIST_KEY_UILaunchScreen_Generation = YES;
				INFOPLIST_KEY_UISupportedInterfaceOrientations_iPad = "UIInterfaceOrientationPortrait UIInterfaceOrientationPortraitUpsideDown UIInterfaceOrientationLandscapeLeft UIInterfaceOrientationLandscapeRight";
				INFOPLIST_KEY_UISupportedInterfaceOrientations_iPhone = UIInterfaceOrientationPortrait;
				PRODUCT_BUNDLE_IDENTIFIER = com.formflowing.app;
				PRODUCT_NAME = FormFlowing;
			};
			name = Debug;
		};
/* End XCBuildConfiguration section */

/* Begin XCConfigurationList section */
		C27FE1A98F2138DF5D63771ABE553D33 /* Build configuration list for PBXProject "FormFlowing" */ = {
			isa = XCConfigurationList;
			buildConfigurations = (
				54584D447FA5076007996D72123AB543 /* Debug */,
				10B56513C6C6008F308694AD47DCDB37 /* Release */,
			);
			defaultConfigurationIsVisible = 0;
			defaultConfigurationName = Debug;
		};
		E231DCA7C65ACECD4F11BE1D83DDCE72 /* Build configuration list for PBXNativeTarget "FormFlowing" */ = {
			isa = XCConfigurationList;
			buildConfigurations = (
				88C85EBA488A3EAEC4989AA5EEA62605 /* Debug */,
				376D970A02168B08C12D2F1C956D9905 /* Release */,
			);
			defaultConfigurationIsVisible = 0;
			defaultConfigurationName = "";
		};
/* End XCConfigurationList section */
	};
	rootObject = F36EDC3DEDEA170712C6639686547982 /* Project object */;
}
